
Microsoft Visual Studio Solution File, Format Version 12.00
# Visual Studio Version 16
VisualStudioVersion = 16.0.30523.141
MinimumVisualStudioVersion = 10.0.40219.1
Project("{FAE04EC0-301F-11D3-BF4B-00C04F79EFBC}") = "QuanLyThuVien_TTN", "QuanLyThuVien_TTN\QuanLyThuVien_TTN.csproj", "{1CEE5E40-2A18-476E-9843-4350AFED7695}"
EndProject
Global
	GlobalSection(SolutionConfigurationPlatforms) = preSolution
		Debug|Any CPU = Debug|Any CPU
		Release|Any CPU = Release|Any CPU
	EndGlobalSection
	GlobalSection(ProjectConfigurationPlatforms) = postSolution
		{1CEE5E40-2A18-476E-9843-4350AFED7695}.Debug|Any CPU.ActiveCfg = Debug|Any CPU
		{1CEE5E40-2A18-476E-9843-4350AFED7695}.Debug|Any CPU.Build.0 = Debug|Any CPU
		{1CEE5E40-2A18-476E-9843-4350AFED7695}.Release|Any CPU.ActiveCfg = Release|Any CPU
		{1CEE5E40-2A18-476E-9843-4350AFED7695}.Release|Any CPU.Build.0 = Release|Any CPU
	EndGlobalSection
	GlobalSection(SolutionProperties) = preSolution
		HideSolutionNode = FALSE
	EndGlobalSection
	GlobalSection(ExtensibilityGlobals) = postSolution
		SolutionGuid = {823581DE-796B-4ACD-82A9-11EFE42E627A}
	EndGlobalSection
EndGlobal
